
Microsoft Visual Studio Solution File, Format Version 12.00
# Visual Studio Version 17
VisualStudioVersion = 17.5.33414.496
MinimumVisualStudioVersion = 10.0.40219.1
Project("{8BC9CEB8-8B4A-11D0-8D11-00A0C91BC942}") = "SemestralnaPraca", "SemestralnaPraca\SemestralnaPraca.vcxproj", "{FE17DB6D-4941-4ECF-90FA-1C6DBD892107}"
EndProject
Project("{8BC9CEB8-8B4A-11D0-8D11-00A0C91BC942}") = "DataStructures", "..\..\AUS-VS2022\DataStructures\DataStructures\DataStructures.vcxproj", "{5C7E2568-8687-4C1E-B0C4-E57BD48EB633}"
EndProject
Global
	GlobalSection(SolutionConfigurationPlatforms) = preSolution
		Debug|x64 = Debug|x64
		Debug|x86 = Debug|x86
		Release|x64 = Release|x64
		Release|x86 = Release|x86
	EndGlobalSection
	GlobalSection(ProjectConfigurationPlatforms) = postSolution
		{FE17DB6D-4941-4ECF-90FA-1C6DBD892107}.Debug|x64.ActiveCfg = Debug|x64
		{FE17DB6D-4941-4ECF-90FA-1C6DBD892107}.Debug|x64.Build.0 = Debug|x64
		{FE17DB6D-4941-4ECF-90FA-1C6DBD892107}.Debug|x86.ActiveCfg = Debug|Win32
		{FE17DB6D-4941-4ECF-90FA-1C6DBD892107}.Debug|x86.Build.0 = Debug|Win32
		{FE17DB6D-4941-4ECF-90FA-1C6DBD892107}.Release|x64.ActiveCfg = Release|x64
		{FE17DB6D-4941-4ECF-90FA-1C6DBD892107}.Release|x64.Build.0 = Release|x64
		{FE17DB6D-4941-4ECF-90FA-1C6DBD892107}.Release|x86.ActiveCfg = Release|Win32
		{FE17DB6D-4941-4ECF-90FA-1C6DBD892107}.Release|x86.Build.0 = Release|Win32
		{5C7E2568-8687-4C1E-B0C4-E57BD48EB633}.Debug|x64.ActiveCfg = Debug|x64
		{5C7E2568-8687-4C1E-B0C4-E57BD48EB633}.Debug|x64.Build.0 = Debug|x64
		{5C7E2568-8687-4C1E-B0C4-E57BD48EB633}.Debug|x86.ActiveCfg = Debug|Win32
		{5C7E2568-8687-4C1E-B0C4-E57BD48EB633}.Debug|x86.Build.0 = Debug|Win32
		{5C7E2568-8687-4C1E-B0C4-E57BD48EB633}.Release|x64.ActiveCfg = Release|x64
		{5C7E2568-8687-4C1E-B0C4-E57BD48EB633}.Release|x64.Build.0 = Release|x64
		{5C7E2568-8687-4C1E-B0C4-E57BD48EB633}.Release|x86.ActiveCfg = Release|Win32
		{5C7E2568-8687-4C1E-B0C4-E57BD48EB633}.Release|x86.Build.0 = Release|Win32
	EndGlobalSection
	GlobalSection(SolutionProperties) = preSolution
		HideSolutionNode = FALSE
	EndGlobalSection
	GlobalSection(ExtensibilityGlobals) = postSolution
		SolutionGuid = {7D9CF046-9C19-4DA3-81DF-5FA0FE279FA3}
	EndGlobalSection
EndGlobal
